Microsoft Visual Studio Solution File, Format Version 12.00
# Visual Studio Version 17
VisualStudioVersion = 17.5.2.0
MinimumVisualStudioVersion = 10.0.40219.1
Project("{2150E333-8FDC-42A3-9474-1A3956D46DE8}") = "src", "src", "{827E0CD3-B72D-47B6-A68D-7590B98EB39B}"
EndProject
Project("{2150E333-8FDC-42A3-9474-1A3956D46DE8}") = "Presentation", "Presentation", "{6996BBF7-DB31-59BC-C7DD-9A7CCC6138C4}"
EndProject
Project("{FAE04EC0-301F-11D3-BF4B-00C04F79EFBC}") = "TaskManagerUI", "src\Presentation\TaskManagerUI\TaskManagerUI.csproj", "{7C24D954-6213-BB3B-61C6-53BAA10FB7B3}"
EndProject
Project("{2150E333-8FDC-42A3-9474-1A3956D46DE8}") = "Common", "Common", "{6638052B-62CF-4946-B4F6-654F2BBBC4FF}"
EndProject
Project("{FAE04EC0-301F-11D3-BF4B-00C04F79EFBC}") = "Shared", "src\Common\Shared\Shared.csproj", "{7FDACF55-ECC3-42FF-95F1-9E7046087F6E}"
EndProject
Project("{2150E333-8FDC-42A3-9474-1A3956D46DE8}") = "Core", "Core", "{9E352CB5-C92C-4822-AC92-573E1DA18DB2}"
EndProject
Project("{FAE04EC0-301F-11D3-BF4B-00C04F79EFBC}") = "Domain", "src\Core\Domain\Domain.csproj", "{48064733-5037-4375-A872-69E4373E2FFE}"
EndProject
Project("{FAE04EC0-301F-11D3-BF4B-00C04F79EFBC}") = "Application", "src\Core\Application\Application.csproj", "{54E86409-2F66-4D7A-ACFA-C17ABA72CC24}"
EndProject
Project("{FAE04EC0-301F-11D3-BF4B-00C04F79EFBC}") = "Infrastructure", "src\Infrastructure\Infrastructure.csproj", "{458ACCCC-D818-4AF3-9FA7-3D02A065B840}"
EndProject
Global
	GlobalSection(SolutionConfigurationPlatforms) = preSolution
		Debug|Any CPU = Debug|Any CPU
		Release|Any CPU = Release|Any CPU
	EndGlobalSection
	GlobalSection(ProjectConfigurationPlatforms) = postSolution
		{7C24D954-6213-BB3B-61C6-53BAA10FB7B3}.Debug|Any CPU.ActiveCfg = Debug|Any CPU
		{7C24D954-6213-BB3B-61C6-53BAA10FB7B3}.Debug|Any CPU.Build.0 = Debug|Any CPU
		{7C24D954-6213-BB3B-61C6-53BAA10FB7B3}.Release|Any CPU.ActiveCfg = Release|Any CPU
		{7C24D954-6213-BB3B-61C6-53BAA10FB7B3}.Release|Any CPU.Build.0 = Release|Any CPU
		{7FDACF55-ECC3-42FF-95F1-9E7046087F6E}.Debug|Any CPU.ActiveCfg = Debug|Any CPU
		{7FDACF55-ECC3-42FF-95F1-9E7046087F6E}.Debug|Any CPU.Build.0 = Debug|Any CPU
		{7FDACF55-ECC3-42FF-95F1-9E7046087F6E}.Release|Any CPU.ActiveCfg = Release|Any CPU
		{7FDACF55-ECC3-42FF-95F1-9E7046087F6E}.Release|Any CPU.Build.0 = Release|Any CPU
		{48064733-5037-4375-A872-69E4373E2FFE}.Debug|Any CPU.ActiveCfg = Debug|Any CPU
		{48064733-5037-4375-A872-69E4373E2FFE}.Debug|Any CPU.Build.0 = Debug|Any CPU
		{48064733-5037-4375-A872-69E4373E2FFE}.Release|Any CPU.ActiveCfg = Release|Any CPU
		{48064733-5037-4375-A872-69E4373E2FFE}.Release|Any CPU.Build.0 = Release|Any CPU
		{54E86409-2F66-4D7A-ACFA-C17ABA72CC24}.Debug|Any CPU.ActiveCfg = Debug|Any CPU
		{54E86409-2F66-4D7A-ACFA-C17ABA72CC24}.Debug|Any CPU.Build.0 = Debug|Any CPU
		{54E86409-2F66-4D7A-ACFA-C17ABA72CC24}.Release|Any CPU.ActiveCfg = Release|Any CPU
		{54E86409-2F66-4D7A-ACFA-C17ABA72CC24}.Release|Any CPU.Build.0 = Release|Any CPU
		{458ACCCC-D818-4AF3-9FA7-3D02A065B840}.Debug|Any CPU.ActiveCfg = Debug|Any CPU
		{458ACCCC-D818-4AF3-9FA7-3D02A065B840}.Debug|Any CPU.Build.0 = Debug|Any CPU
		{458ACCCC-D818-4AF3-9FA7-3D02A065B840}.Release|Any CPU.ActiveCfg = Release|Any CPU
		{458ACCCC-D818-4AF3-9FA7-3D02A065B840}.Release|Any CPU.Build.0 = Release|Any CPU
	EndGlobalSection
	GlobalSection(SolutionProperties) = preSolution
		HideSolutionNode = FALSE
	EndGlobalSection
	GlobalSection(NestedProjects) = preSolution
		{6996BBF7-DB31-59BC-C7DD-9A7CCC6138C4} = {827E0CD3-B72D-47B6-A68D-7590B98EB39B}
		{7C24D954-6213-BB3B-61C6-53BAA10FB7B3} = {6996BBF7-DB31-59BC-C7DD-9A7CCC6138C4}
		{6638052B-62CF-4946-B4F6-654F2BBBC4FF} = {827E0CD3-B72D-47B6-A68D-7590B98EB39B}
		{7FDACF55-ECC3-42FF-95F1-9E7046087F6E} = {6638052B-62CF-4946-B4F6-654F2BBBC4FF}
		{9E352CB5-C92C-4822-AC92-573E1DA18DB2} = {827E0CD3-B72D-47B6-A68D-7590B98EB39B}
		{48064733-5037-4375-A872-69E4373E2FFE} = {9E352CB5-C92C-4822-AC92-573E1DA18DB2}
		{54E86409-2F66-4D7A-ACFA-C17ABA72CC24} = {9E352CB5-C92C-4822-AC92-573E1DA18DB2}
		{458ACCCC-D818-4AF3-9FA7-3D02A065B840} = {827E0CD3-B72D-47B6-A68D-7590B98EB39B}
	EndGlobalSection
	GlobalSection(ExtensibilityGlobals) = postSolution
		SolutionGuid = {001CA12B-12C1-44BC-9183-AC07F11F7693}
	EndGlobalSection
EndGlobal
